
Microsoft Visual Studio Solution File, Format Version 12.00
# Visual Studio 15
VisualStudioVersion = 15.0.26124.0
MinimumVisualStudioVersion = 15.0.26124.0
Project("{2150E333-8FDC-42A3-9474-1A3956D46DE8}") = "src", "src", "{C8B9F97B-191C-4688-8F80-92749D53228E}"
EndProject
Project("{F2A71F9B-5D33-465A-A702-920D77279786}") = "App", "src\App\App.fsproj", "{31BC705C-C0E8-4447-931D-A2202623833C}"
EndProject
Project("{F2A71F9B-5D33-465A-A702-920D77279786}") = "Worker", "src\Worker\Worker.fsproj", "{A30A2346-3A70-4825-8C1B-522D2BACC746}"
EndProject
Project("{2150E333-8FDC-42A3-9474-1A3956D46DE8}") = "Lib", "Lib", "{AF7B5E4B-9317-4E8B-A1D0-F7C29C9D8BAD}"
EndProject
Project("{F2A71F9B-5D33-465A-A702-920D77279786}") = "Fable.Repl.Bindings", "src\Lib\Fable.Repl.Bindings\Fable.Repl.Bindings.fsproj", "{EEF14890-2A25-40D9-AD35-426A01D77B9A}"
EndProject
Project("{F2A71F9B-5D33-465A-A702-920D77279786}") = "Fable.Repl.Lib", "src\Lib\Fable.Repl.Lib\Fable.Repl.Lib.fsproj", "{CABF63FA-4C5B-4BB9-A0AF-9965D214903D}"
EndProject
Project("{F2A71F9B-5D33-465A-A702-920D77279786}") = "Fable.Repl.Tests", "src\Lib\Fable.Repl.Tests\Fable.Repl.Tests.fsproj", "{B3A08EED-A48D-4D73-A532-A723AD298EE0}"
EndProject
Global
	GlobalSection(SolutionConfigurationPlatforms) = preSolution
		Debug|Any CPU = Debug|Any CPU
		Debug|x64 = Debug|x64
		Debug|x86 = Debug|x86
		Release|Any CPU = Release|Any CPU
		Release|x64 = Release|x64
		Release|x86 = Release|x86
	EndGlobalSection
	GlobalSection(SolutionProperties) = preSolution
		HideSolutionNode = FALSE
	EndGlobalSection
	GlobalSection(ProjectConfigurationPlatforms) = postSolution
		{31BC705C-C0E8-4447-931D-A2202623833C}.Debug|Any CPU.ActiveCfg = Debug|Any CPU
		{31BC705C-C0E8-4447-931D-A2202623833C}.Debug|Any CPU.Build.0 = Debug|Any CPU
		{31BC705C-C0E8-4447-931D-A2202623833C}.Debug|x64.ActiveCfg = Debug|x64
		{31BC705C-C0E8-4447-931D-A2202623833C}.Debug|x64.Build.0 = Debug|x64
		{31BC705C-C0E8-4447-931D-A2202623833C}.Debug|x86.ActiveCfg = Debug|x86
		{31BC705C-C0E8-4447-931D-A2202623833C}.Debug|x86.Build.0 = Debug|x86
		{31BC705C-C0E8-4447-931D-A2202623833C}.Release|Any CPU.ActiveCfg = Release|Any CPU
		{31BC705C-C0E8-4447-931D-A2202623833C}.Release|Any CPU.Build.0 = Release|Any CPU
		{31BC705C-C0E8-4447-931D-A2202623833C}.Release|x64.ActiveCfg = Release|x64
		{31BC705C-C0E8-4447-931D-A2202623833C}.Release|x64.Build.0 = Release|x64
		{31BC705C-C0E8-4447-931D-A2202623833C}.Release|x86.ActiveCfg = Release|x86
		{31BC705C-C0E8-4447-931D-A2202623833C}.Release|x86.Build.0 = Release|x86
		{A30A2346-3A70-4825-8C1B-522D2BACC746}.Debug|Any CPU.ActiveCfg = Debug|Any CPU
		{A30A2346-3A70-4825-8C1B-522D2BACC746}.Debug|Any CPU.Build.0 = Debug|Any CPU
		{A30A2346-3A70-4825-8C1B-522D2BACC746}.Debug|x64.ActiveCfg = Debug|Any CPU
		{A30A2346-3A70-4825-8C1B-522D2BACC746}.Debug|x64.Build.0 = Debug|Any CPU
		{A30A2346-3A70-4825-8C1B-522D2BACC746}.Debug|x86.ActiveCfg = Debug|Any CPU
		{A30A2346-3A70-4825-8C1B-522D2BACC746}.Debug|x86.Build.0 = Debug|Any CPU
		{A30A2346-3A70-4825-8C1B-522D2BACC746}.Release|Any CPU.ActiveCfg = Release|Any CPU
		{A30A2346-3A70-4825-8C1B-522D2BACC746}.Release|Any CPU.Build.0 = Release|Any CPU
		{A30A2346-3A70-4825-8C1B-522D2BACC746}.Release|x64.ActiveCfg = Release|Any CPU
		{A30A2346-3A70-4825-8C1B-522D2BACC746}.Release|x64.Build.0 = Release|Any CPU
		{A30A2346-3A70-4825-8C1B-522D2BACC746}.Release|x86.ActiveCfg = Release|Any CPU
		{A30A2346-3A70-4825-8C1B-522D2BACC746}.Release|x86.Build.0 = Release|Any CPU
		{EEF14890-2A25-40D9-AD35-426A01D77B9A}.Debug|Any CPU.ActiveCfg = Debug|Any CPU
		{EEF14890-2A25-40D9-AD35-426A01D77B9A}.Debug|Any CPU.Build.0 = Debug|Any CPU
		{EEF14890-2A25-40D9-AD35-426A01D77B9A}.Debug|x64.ActiveCfg = Debug|Any CPU
		{EEF14890-2A25-40D9-AD35-426A01D77B9A}.Debug|x64.Build.0 = Debug|Any CPU
		{EEF14890-2A25-40D9-AD35-426A01D77B9A}.Debug|x86.ActiveCfg = Debug|Any CPU
		{EEF14890-2A25-40D9-AD35-426A01D77B9A}.Debug|x86.Build.0 = Debug|Any CPU
		{EEF14890-2A25-40D9-AD35-426A01D77B9A}.Release|Any CPU.ActiveCfg = Release|Any CPU
		{EEF14890-2A25-40D9-AD35-426A01D77B9A}.Release|Any CPU.Build.0 = Release|Any CPU
		{EEF14890-2A25-40D9-AD35-426A01D77B9A}.Release|x64.ActiveCfg = Release|Any CPU
		{EEF14890-2A25-40D9-AD35-426A01D77B9A}.Release|x64.Build.0 = Release|Any CPU
		{EEF14890-2A25-40D9-AD35-426A01D77B9A}.Release|x86.ActiveCfg = Release|Any CPU
		{EEF14890-2A25-40D9-AD35-426A01D77B9A}.Release|x86.Build.0 = Release|Any CPU
		{CABF63FA-4C5B-4BB9-A0AF-9965D214903D}.Debug|Any CPU.ActiveCfg = Debug|Any CPU
		{CABF63FA-4C5B-4BB9-A0AF-9965D214903D}.Debug|Any CPU.Build.0 = Debug|Any CPU
		{CABF63FA-4C5B-4BB9-A0AF-9965D214903D}.Debug|x64.ActiveCfg = Debug|Any CPU
		{CABF63FA-4C5B-4BB9-A0AF-9965D214903D}.Debug|x64.Build.0 = Debug|Any CPU
		{CABF63FA-4C5B-4BB9-A0AF-9965D214903D}.Debug|x86.ActiveCfg = Debug|Any CPU
		{CABF63FA-4C5B-4BB9-A0AF-9965D214903D}.Debug|x86.Build.0 = Debug|Any CPU
		{CABF63FA-4C5B-4BB9-A0AF-9965D214903D}.Release|Any CPU.ActiveCfg = Release|Any CPU
		{CABF63FA-4C5B-4BB9-A0AF-9965D214903D}.Release|Any CPU.Build.0 = Release|Any CPU
		{CABF63FA-4C5B-4BB9-A0AF-9965D214903D}.Release|x64.ActiveCfg = Release|Any CPU
		{CABF63FA-4C5B-4BB9-A0AF-9965D214903D}.Release|x64.Build.0 = Release|Any CPU
		{CABF63FA-4C5B-4BB9-A0AF-9965D214903D}.Release|x86.ActiveCfg = Release|Any CPU
		{CABF63FA-4C5B-4BB9-A0AF-9965D214903D}.Release|x86.Build.0 = Release|Any CPU
		{B3A08EED-A48D-4D73-A532-A723AD298EE0}.Debug|Any CPU.ActiveCfg = Debug|Any CPU
		{B3A08EED-A48D-4D73-A532-A723AD298EE0}.Debug|Any CPU.Build.0 = Debug|Any CPU
		{B3A08EED-A48D-4D73-A532-A723AD298EE0}.Debug|x64.ActiveCfg = Debug|Any CPU
		{B3A08EED-A48D-4D73-A532-A723AD298EE0}.Debug|x64.Build.0 = Debug|Any CPU
		{B3A08EED-A48D-4D73-A532-A723AD298EE0}.Debug|x86.ActiveCfg = Debug|Any CPU
		{B3A08EED-A48D-4D73-A532-A723AD298EE0}.Debug|x86.Build.0 = Debug|Any CPU
		{B3A08EED-A48D-4D73-A532-A723AD298EE0}.Release|Any CPU.ActiveCfg = Release|Any CPU
		{B3A08EED-A48D-4D73-A532-A723AD298EE0}.Release|Any CPU.Build.0 = Release|Any CPU
		{B3A08EED-A48D-4D73-A532-A723AD298EE0}.Release|x64.ActiveCfg = Release|Any CPU
		{B3A08EED-A48D-4D73-A532-A723AD298EE0}.Release|x64.Build.0 = Release|Any CPU
		{B3A08EED-A48D-4D73-A532-A723AD298EE0}.Release|x86.ActiveCfg = Release|Any CPU
		{B3A08EED-A48D-4D73-A532-A723AD298EE0}.Release|x86.Build.0 = Release|Any CPU
	EndGlobalSection
	GlobalSection(NestedProjects) = preSolution
		{31BC705C-C0E8-4447-931D-A2202623833C} = {C8B9F97B-191C-4688-8F80-92749D53228E}
		{A30A2346-3A70-4825-8C1B-522D2BACC746} = {C8B9F97B-191C-4688-8F80-92749D53228E}
		{AF7B5E4B-9317-4E8B-A1D0-F7C29C9D8BAD} = {C8B9F97B-191C-4688-8F80-92749D53228E}
		{EEF14890-2A25-40D9-AD35-426A01D77B9A} = {AF7B5E4B-9317-4E8B-A1D0-F7C29C9D8BAD}
		{CABF63FA-4C5B-4BB9-A0AF-9965D214903D} = {AF7B5E4B-9317-4E8B-A1D0-F7C29C9D8BAD}
		{B3A08EED-A48D-4D73-A532-A723AD298EE0} = {AF7B5E4B-9317-4E8B-A1D0-F7C29C9D8BAD}
	EndGlobalSection
EndGlobal
